{
  "originHash" : "4a9e5147c965d659455131b35e8745c1a4cfbdfa908a5b5a032be24718f39180",
  "pins" : [
    {
      "identity" : "screenshotswiftui",
      "kind" : "remoteSourceControl",
      "location" : "https://github.com/gualtierofrigerio/ScreenshotSwiftUI.git",
      "state" : {
        "revision" : "5ce615b99effcf41c17a4357d17ccb1308f281a9",
        "version" : "0.3.0"
      }
    },
    {
      "identity" : "swifter",
      "kind" : "remoteSourceControl",
      "location" : "https://github.com/httpswift/swifter.git",
      "state" : {
        "revision" : "9483a5d459b45c3ffd059f7b55f9638e268632fd",
        "version" : "1.5.0"
      }
    }
  ],
  "version" : 3
}
